
Microsoft Visual Studio Solution File, Format Version 12.00
# Visual Studio Version 17
VisualStudioVersion = 17.4.33122.133
MinimumVisualStudioVersion = 10.0.40219.1
Project("{FAE04EC0-301F-11D3-BF4B-00C04F79EFBC}") = "bank2", "bank2.csproj", "{9C82B7D9-1EE3-46B3-BB82-2363D12BFE15}"
EndProject
Global
	GlobalSection(SolutionConfigurationPlatforms) = preSolution
		Debug|Any CPU = Debug|Any CPU
		Release|Any CPU = Release|Any CPU
	EndGlobalSection
	GlobalSection(ProjectConfigurationPlatforms) = postSolution
		{9C82B7D9-1EE3-46B3-BB82-2363D12BFE15}.Debug|Any CPU.ActiveCfg = Debug|Any CPU
		{9C82B7D9-1EE3-46B3-BB82-2363D12BFE15}.Debug|Any CPU.Build.0 = Debug|Any CPU
		{9C82B7D9-1EE3-46B3-BB82-2363D12BFE15}.Release|Any CPU.ActiveCfg = Release|Any CPU
		{9C82B7D9-1EE3-46B3-BB82-2363D12BFE15}.Release|Any CPU.Build.0 = Release|Any CPU
	EndGlobalSection
	GlobalSection(SolutionProperties) = preSolution
		HideSolutionNode = FALSE
	EndGlobalSection
	GlobalSection(ExtensibilityGlobals) = postSolution
		SolutionGuid = {03D25620-B0AE-40EA-BDDB-2A77B14210B6}
	EndGlobalSection
EndGlobal
